
Microsoft Visual Studio Solution File, Format Version 12.00
# Visual Studio Version 17
VisualStudioVersion = 17.4.33122.133
MinimumVisualStudioVersion = 10.0.40219.1
Project("{9A19103F-16F7-4668-BE54-9A1E7A4F7556}") = "ApiTemplate.Api", "ApiTemplate.Api\ApiTemplate.Api.csproj", "{172A7DA2-8EEC-4F4C-8931-8A50D0DA8681}"
EndProject
Project("{FAE04EC0-301F-11D3-BF4B-00C04F79EFBC}") = "ApiTemplate.Domain", "ApiTemplate.Domain\ApiTemplate.Domain.csproj", "{0327888B-BA12-41BF-8F7B-E91F94EE7D83}"
EndProject
Project("{FAE04EC0-301F-11D3-BF4B-00C04F79EFBC}") = "ApiTemplate.Infrastructure", "ApiTemplate.Infrastructure\ApiTemplate.Infrastructure.csproj", "{B11BC93C-DC60-4157-B3F7-056738C7238A}"
EndProject
Project("{FAE04EC0-301F-11D3-BF4B-00C04F79EFBC}") = "ApiTemplate.Application", "ApiTemplate.Application\ApiTemplate.Application.csproj", "{B7042F1E-DBF3-4D28-B9BB-FD5176E40A1D}"
EndProject
Global
	GlobalSection(SolutionConfigurationPlatforms) = preSolution
		Debug|Any CPU = Debug|Any CPU
		Release|Any CPU = Release|Any CPU
	EndGlobalSection
	GlobalSection(ProjectConfigurationPlatforms) = postSolution
		{172A7DA2-8EEC-4F4C-8931-8A50D0DA8681}.Debug|Any CPU.ActiveCfg = Debug|Any CPU
		{172A7DA2-8EEC-4F4C-8931-8A50D0DA8681}.Debug|Any CPU.Build.0 = Debug|Any CPU
		{172A7DA2-8EEC-4F4C-8931-8A50D0DA8681}.Release|Any CPU.ActiveCfg = Release|Any CPU
		{172A7DA2-8EEC-4F4C-8931-8A50D0DA8681}.Release|Any CPU.Build.0 = Release|Any CPU
		{0327888B-BA12-41BF-8F7B-E91F94EE7D83}.Debug|Any CPU.ActiveCfg = Debug|Any CPU
		{0327888B-BA12-41BF-8F7B-E91F94EE7D83}.Debug|Any CPU.Build.0 = Debug|Any CPU
		{0327888B-BA12-41BF-8F7B-E91F94EE7D83}.Release|Any CPU.ActiveCfg = Release|Any CPU
		{0327888B-BA12-41BF-8F7B-E91F94EE7D83}.Release|Any CPU.Build.0 = Release|Any CPU
		{B11BC93C-DC60-4157-B3F7-056738C7238A}.Debug|Any CPU.ActiveCfg = Debug|Any CPU
		{B11BC93C-DC60-4157-B3F7-056738C7238A}.Debug|Any CPU.Build.0 = Debug|Any CPU
		{B11BC93C-DC60-4157-B3F7-056738C7238A}.Release|Any CPU.ActiveCfg = Release|Any CPU
		{B11BC93C-DC60-4157-B3F7-056738C7238A}.Release|Any CPU.Build.0 = Release|Any CPU
		{B7042F1E-DBF3-4D28-B9BB-FD5176E40A1D}.Debug|Any CPU.ActiveCfg = Debug|Any CPU
		{B7042F1E-DBF3-4D28-B9BB-FD5176E40A1D}.Debug|Any CPU.Build.0 = Debug|Any CPU
		{B7042F1E-DBF3-4D28-B9BB-FD5176E40A1D}.Release|Any CPU.ActiveCfg = Release|Any CPU
		{B7042F1E-DBF3-4D28-B9BB-FD5176E40A1D}.Release|Any CPU.Build.0 = Release|Any CPU
	EndGlobalSection
	GlobalSection(SolutionProperties) = preSolution
		HideSolutionNode = FALSE
	EndGlobalSection
	GlobalSection(ExtensibilityGlobals) = postSolution
		SolutionGuid = {24EF1A5D-1BC1-4D1D-80A7-E5B4C12CB576}
	EndGlobalSection
EndGlobal
